{
  "name": "tuio-extendede",
  "version": "1.0.0",
  "lockfileVersion": 1,
  "requires": true,
  "dependencies": {
    "buffer-dataview": {
      "version": "0.0.2",
      "resolved": "https://registry.npmjs.org/buffer-dataview/-/buffer-dataview-0.0.2.tgz",
      "integrity": "sha1-8r5+4prCRD/zcG3e90bHXP5lB+E="
    },
    "dataview2": {
      "version": "1.0.0",
      "resolved": "https://registry.npmjs.org/dataview2/-/dataview2-1.0.0.tgz",
      "integrity": "sha1-oX0yfQtRHOlU7yPr+w4oddKURA4=",
      "requires": {
        "buffer-dataview": "0.0.2"
      }
    },
    "osc-msg": {
      "version": "1.2.0",
      "resolved": "https://registry.npmjs.org/osc-msg/-/osc-msg-1.2.0.tgz",
      "integrity": "sha512-IH1n/ifokY9gE5+kTh44/RutueFKP3F7x6zRXGPNgq1x1Z9QDyqjiQkRVpX3Db04D1npTi7Stq80W0pDvOi2Hg==",
      "requires": {
        "dataview2": "^1.0.0"
      }
    }
  }
}
